
Microsoft Visual Studio Solution File, Format Version 12.00
# Visual Studio 15
VisualStudioVersion = 15.0.27004.2009
MinimumVisualStudioVersion = 10.0.40219.1
Project("{FAE04EC0-301F-11D3-BF4B-00C04F79EFBC}") = "CertiTracker.Android", "CertiTracker\CertiTracker.Android\CertiTracker.Android.csproj", "{521DB49C-6689-46B1-8E46-D8FD19A28F2A}"
EndProject
Project("{FAE04EC0-301F-11D3-BF4B-00C04F79EFBC}") = "CertiTracker", "CertiTracker\CertiTracker\CertiTracker.csproj", "{7352766F-2006-4A8E-B20E-4761F49DB66F}"
EndProject
Project("{FAE04EC0-301F-11D3-BF4B-00C04F79EFBC}") = "CertiTracker.UWP", "CertiTracker\CertiTracker.UWP\CertiTracker.UWP.csproj", "{AAB3FE97-F758-4989-A2B9-AD41B825AEBE}"
EndProject
Project("{FAE04EC0-301F-11D3-BF4B-00C04F79EFBC}") = "CertiTracker.iOS", "CertiTracker\CertiTracker.iOS\CertiTracker.iOS.csproj", "{2B2E1B4B-21D5-49FC-B758-5622A8DBD636}"
EndProject
Project("{2150E333-8FDC-42A3-9474-1A3956D46DE8}") = "PCL", "PCL", "{E43AF01C-DF40-4162-B856-5BD75BDE1126}"
EndProject
Project("{2150E333-8FDC-42A3-9474-1A3956D46DE8}") = "Platforms", "Platforms", "{150A767C-481E-4845-B43E-3B78D119E9AC}"
EndProject
Project("{FAE04EC0-301F-11D3-BF4B-00C04F79EFBC}") = "Mobile Server Application", "Mobile Server Application\Mobile Server Application.csproj", "{1F5627D8-CF58-4180-823A-1E915E2BF148}"
EndProject
Project("{FAE04EC0-301F-11D3-BF4B-00C04F79EFBC}") = "Mobile Server Library", "Mobile Server Library\Mobile Server Library.csproj", "{07AEFC66-F2E1-42A2-A251-34F23DD0E3C4}"
EndProject
Project("{2150E333-8FDC-42A3-9474-1A3956D46DE8}") = "WCF App", "WCF App", "{10608AF8-485F-4C18-9D60-2F780BF04DF2}"
EndProject
Global
	GlobalSection(SolutionConfigurationPlatforms) = preSolution
		Ad-Hoc|Any CPU = Ad-Hoc|Any CPU
		Ad-Hoc|ARM = Ad-Hoc|ARM
		Ad-Hoc|iPhone = Ad-Hoc|iPhone
		Ad-Hoc|iPhoneSimulator = Ad-Hoc|iPhoneSimulator
		Ad-Hoc|x64 = Ad-Hoc|x64
		Ad-Hoc|x86 = Ad-Hoc|x86
		AppStore|Any CPU = AppStore|Any CPU
		AppStore|ARM = AppStore|ARM
		AppStore|iPhone = AppStore|iPhone
		AppStore|iPhoneSimulator = AppStore|iPhoneSimulator
		AppStore|x64 = AppStore|x64
		AppStore|x86 = AppStore|x86
		Debug|Any CPU = Debug|Any CPU
		Debug|ARM = Debug|ARM
		Debug|iPhone = Debug|iPhone
		Debug|iPhoneSimulator = Debug|iPhoneSimulator
		Debug|x64 = Debug|x64
		Debug|x86 = Debug|x86
		Release|Any CPU = Release|Any CPU
		Release|ARM = Release|ARM
		Release|iPhone = Release|iPhone
		Release|iPhoneSimulator = Release|iPhoneSimulator
		Release|x64 = Release|x64
		Release|x86 = Release|x86
	EndGlobalSection
	GlobalSection(ProjectConfigurationPlatforms) = postSolution
		{521DB49C-6689-46B1-8E46-D8FD19A28F2A}.Ad-Hoc|Any CPU.ActiveCfg = Release|Any CPU
		{521DB49C-6689-46B1-8E46-D8FD19A28F2A}.Ad-Hoc|Any CPU.Build.0 = Release|Any CPU
		{521DB49C-6689-46B1-8E46-D8FD19A28F2A}.Ad-Hoc|Any CPU.Deploy.0 = Release|Any CPU
		{521DB49C-6689-46B1-8E46-D8FD19A28F2A}.Ad-Hoc|ARM.ActiveCfg = Release|Any CPU
		{521DB49C-6689-46B1-8E46-D8FD19A28F2A}.Ad-Hoc|ARM.Build.0 = Release|Any CPU
		{521DB49C-6689-46B1-8E46-D8FD19A28F2A}.Ad-Hoc|ARM.Deploy.0 = Release|Any CPU
		{521DB49C-6689-46B1-8E46-D8FD19A28F2A}.Ad-Hoc|iPhone.ActiveCfg = Release|Any CPU
		{521DB49C-6689-46B1-8E46-D8FD19A28F2A}.Ad-Hoc|iPhone.Build.0 = Release|Any CPU
		{521DB49C-6689-46B1-8E46-D8FD19A28F2A}.Ad-Hoc|iPhone.Deploy.0 = Release|Any CPU
		{521DB49C-6689-46B1-8E46-D8FD19A28F2A}.Ad-Hoc|iPhoneSimulator.ActiveCfg = Release|Any CPU
		{521DB49C-6689-46B1-8E46-D8FD19A28F2A}.Ad-Hoc|iPhoneSimulator.Build.0 = Release|Any CPU
		{521DB49C-6689-46B1-8E46-D8FD19A28F2A}.Ad-Hoc|iPhoneSimulator.Deploy.0 = Release|Any CPU
		{521DB49C-6689-46B1-8E46-D8FD19A28F2A}.Ad-Hoc|x64.ActiveCfg = Release|Any CPU
		{521DB49C-6689-46B1-8E46-D8FD19A28F2A}.Ad-Hoc|x64.Build.0 = Release|Any CPU
		{521DB49C-6689-46B1-8E46-D8FD19A28F2A}.Ad-Hoc|x64.Deploy.0 = Release|Any CPU
		{521DB49C-6689-46B1-8E46-D8FD19A28F2A}.Ad-Hoc|x86.ActiveCfg = Release|Any CPU
		{521DB49C-6689-46B1-8E46-D8FD19A28F2A}.Ad-Hoc|x86.Build.0 = Release|Any CPU
		{521DB49C-6689-46B1-8E46-D8FD19A28F2A}.Ad-Hoc|x86.Deploy.0 = Release|Any CPU
		{521DB49C-6689-46B1-8E46-D8FD19A28F2A}.AppStore|Any CPU.ActiveCfg = Release|Any CPU
		{521DB49C-6689-46B1-8E46-D8FD19A28F2A}.AppStore|Any CPU.Build.0 = Release|Any CPU
		{521DB49C-6689-46B1-8E46-D8FD19A28F2A}.AppStore|Any CPU.Deploy.0 = Release|Any CPU
		{521DB49C-6689-46B1-8E46-D8FD19A28F2A}.AppStore|ARM.ActiveCfg = Release|Any CPU
		{521DB49C-6689-46B1-8E46-D8FD19A28F2A}.AppStore|ARM.Build.0 = Release|Any CPU
		{521DB49C-6689-46B1-8E46-D8FD19A28F2A}.AppStore|ARM.Deploy.0 = Release|Any CPU
		{521DB49C-6689-46B1-8E46-D8FD19A28F2A}.AppStore|iPhone.ActiveCfg = Release|Any CPU
		{521DB49C-6689-46B1-8E46-D8FD19A28F2A}.AppStore|iPhone.Build.0 = Release|Any CPU
		{521DB49C-6689-46B1-8E46-D8FD19A28F2A}.AppStore|iPhone.Deploy.0 = Release|Any CPU
		{521DB49C-6689-46B1-8E46-D8FD19A28F2A}.AppStore|iPhoneSimulator.ActiveCfg = Release|Any CPU
		{521DB49C-6689-46B1-8E46-D8FD19A28F2A}.AppStore|iPhoneSimulator.Build.0 = Release|Any CPU
		{521DB49C-6689-46B1-8E46-D8FD19A28F2A}.AppStore|iPhoneSimulator.Deploy.0 = Release|Any CPU
		{521DB49C-6689-46B1-8E46-D8FD19A28F2A}.AppStore|x64.ActiveCfg = Release|Any CPU
		{521DB49C-6689-46B1-8E46-D8FD19A28F2A}.AppStore|x64.Build.0 = Release|Any CPU
		{521DB49C-6689-46B1-8E46-D8FD19A28F2A}.AppStore|x64.Deploy.0 = Release|Any CPU
		{521DB49C-6689-46B1-8E46-D8FD19A28F2A}.AppStore|x86.ActiveCfg = Release|Any CPU
		{521DB49C-6689-46B1-8E46-D8FD19A28F2A}.AppStore|x86.Build.0 = Release|Any CPU
		{521DB49C-6689-46B1-8E46-D8FD19A28F2A}.AppStore|x86.Deploy.0 = Release|Any CPU
		{521DB49C-6689-46B1-8E46-D8FD19A28F2A}.Debug|Any CPU.ActiveCfg = Debug|Any CPU
		{521DB49C-6689-46B1-8E46-D8FD19A28F2A}.Debug|Any CPU.Build.0 = Debug|Any CPU
		{521DB49C-6689-46B1-8E46-D8FD19A28F2A}.Debug|Any CPU.Deploy.0 = Debug|Any CPU
		{521DB49C-6689-46B1-8E46-D8FD19A28F2A}.Debug|ARM.ActiveCfg = Debug|Any CPU
		{521DB49C-6689-46B1-8E46-D8FD19A28F2A}.Debug|ARM.Build.0 = Debug|Any CPU
		{521DB49C-6689-46B1-8E46-D8FD19A28F2A}.Debug|ARM.Deploy.0 = Debug|Any CPU
		{521DB49C-6689-46B1-8E46-D8FD19A28F2A}.Debug|iPhone.ActiveCfg = Debug|Any CPU
		{521DB49C-6689-46B1-8E46-D8FD19A28F2A}.Debug|iPhone.Build.0 = Debug|Any CPU
		{521DB49C-6689-46B1-8E46-D8FD19A28F2A}.Debug|iPhone.Deploy.0 = Debug|Any CPU
		{521DB49C-6689-46B1-8E46-D8FD19A28F2A}.Debug|iPhoneSimulator.ActiveCfg = Debug|Any CPU
		{521DB49C-6689-46B1-8E46-D8FD19A28F2A}.Debug|iPhoneSimulator.Build.0 = Debug|Any CPU
		{521DB49C-6689-46B1-8E46-D8FD19A28F2A}.Debug|iPhoneSimulator.Deploy.0 = Debug|Any CPU
		{521DB49C-6689-46B1-8E46-D8FD19A28F2A}.Debug|x64.ActiveCfg = Debug|Any CPU
		{521DB49C-6689-46B1-8E46-D8FD19A28F2A}.Debug|x64.Build.0 = Debug|Any CPU
		{521DB49C-6689-46B1-8E46-D8FD19A28F2A}.Debug|x64.Deploy.0 = Debug|Any CPU
		{521DB49C-6689-46B1-8E46-D8FD19A28F2A}.Debug|x86.ActiveCfg = Debug|Any CPU
		{521DB49C-6689-46B1-8E46-D8FD19A28F2A}.Debug|x86.Build.0 = Debug|Any CPU
		{521DB49C-6689-46B1-8E46-D8FD19A28F2A}.Debug|x86.Deploy.0 = Debug|Any CPU
		{521DB49C-6689-46B1-8E46-D8FD19A28F2A}.Release|Any CPU.ActiveCfg = Release|Any CPU
		{521DB49C-6689-46B1-8E46-D8FD19A28F2A}.Release|Any CPU.Build.0 = Release|Any CPU
		{521DB49C-6689-46B1-8E46-D8FD19A28F2A}.Release|Any CPU.Deploy.0 = Release|Any CPU
		{521DB49C-6689-46B1-8E46-D8FD19A28F2A}.Release|ARM.ActiveCfg = Release|Any CPU
		{521DB49C-6689-46B1-8E46-D8FD19A28F2A}.Release|ARM.Build.0 = Release|Any CPU
		{521DB49C-6689-46B1-8E46-D8FD19A28F2A}.Release|ARM.Deploy.0 = Release|Any CPU
		{521DB49C-6689-46B1-8E46-D8FD19A28F2A}.Release|iPhone.ActiveCfg = Release|Any CPU
		{521DB49C-6689-46B1-8E46-D8FD19A28F2A}.Release|iPhone.Build.0 = Release|Any CPU
		{521DB49C-6689-46B1-8E46-D8FD19A28F2A}.Release|iPhone.Deploy.0 = Release|Any CPU
		{521DB49C-6689-46B1-8E46-D8FD19A28F2A}.Release|iPhoneSimulator.ActiveCfg = Release|Any CPU
		{521DB49C-6689-46B1-8E46-D8FD19A28F2A}.Release|iPhoneSimulator.Build.0 = Release|Any CPU
		{521DB49C-6689-46B1-8E46-D8FD19A28F2A}.Release|iPhoneSimulator.Deploy.0 = Release|Any CPU
		{521DB49C-6689-46B1-8E46-D8FD19A28F2A}.Release|x64.ActiveCfg = Release|Any CPU
		{521DB49C-6689-46B1-8E46-D8FD19A28F2A}.Release|x64.Build.0 = Release|Any CPU
		{521DB49C-6689-46B1-8E46-D8FD19A28F2A}.Release|x64.Deploy.0 = Release|Any CPU
		{521DB49C-6689-46B1-8E46-D8FD19A28F2A}.Release|x86.ActiveCfg = Release|Any CPU
		{521DB49C-6689-46B1-8E46-D8FD19A28F2A}.Release|x86.Build.0 = Release|Any CPU
		{521DB49C-6689-46B1-8E46-D8FD19A28F2A}.Release|x86.Deploy.0 = Release|Any CPU
		{7352766F-2006-4A8E-B20E-4761F49DB66F}.Ad-Hoc|Any CPU.ActiveCfg = Release|Any CPU
		{7352766F-2006-4A8E-B20E-4761F49DB66F}.Ad-Hoc|Any CPU.Build.0 = Release|Any CPU
		{7352766F-2006-4A8E-B20E-4761F49DB66F}.Ad-Hoc|ARM.ActiveCfg = Release|Any CPU
		{7352766F-2006-4A8E-B20E-4761F49DB66F}.Ad-Hoc|ARM.Build.0 = Release|Any CPU
		{7352766F-2006-4A8E-B20E-4761F49DB66F}.Ad-Hoc|iPhone.ActiveCfg = Release|Any CPU
		{7352766F-2006-4A8E-B20E-4761F49DB66F}.Ad-Hoc|iPhone.Build.0 = Release|Any CPU
		{7352766F-2006-4A8E-B20E-4761F49DB66F}.Ad-Hoc|iPhoneSimulator.ActiveCfg = Release|Any CPU
		{7352766F-2006-4A8E-B20E-4761F49DB66F}.Ad-Hoc|iPhoneSimulator.Build.0 = Release|Any CPU
		{7352766F-2006-4A8E-B20E-4761F49DB66F}.Ad-Hoc|x64.ActiveCfg = Release|Any CPU
		{7352766F-2006-4A8E-B20E-4761F49DB66F}.Ad-Hoc|x64.Build.0 = Release|Any CPU
		{7352766F-2006-4A8E-B20E-4761F49DB66F}.Ad-Hoc|x86.ActiveCfg = Release|Any CPU
		{7352766F-2006-4A8E-B20E-4761F49DB66F}.Ad-Hoc|x86.Build.0 = Release|Any CPU
		{7352766F-2006-4A8E-B20E-4761F49DB66F}.AppStore|Any CPU.ActiveCfg = Release|Any CPU
		{7352766F-2006-4A8E-B20E-4761F49DB66F}.AppStore|Any CPU.Build.0 = Release|Any CPU
		{7352766F-2006-4A8E-B20E-4761F49DB66F}.AppStore|ARM.ActiveCfg = Release|Any CPU
		{7352766F-2006-4A8E-B20E-4761F49DB66F}.AppStore|ARM.Build.0 = Release|Any CPU
		{7352766F-2006-4A8E-B20E-4761F49DB66F}.AppStore|iPhone.ActiveCfg = Release|Any CPU
		{7352766F-2006-4A8E-B20E-4761F49DB66F}.AppStore|iPhone.Build.0 = Release|Any CPU
		{7352766F-2006-4A8E-B20E-4761F49DB66F}.AppStore|iPhoneSimulator.ActiveCfg = Release|Any CPU
		{7352766F-2006-4A8E-B20E-4761F49DB66F}.AppStore|iPhoneSimulator.Build.0 = Release|Any CPU
		{7352766F-2006-4A8E-B20E-4761F49DB66F}.AppStore|x64.ActiveCfg = Release|Any CPU
		{7352766F-2006-4A8E-B20E-4761F49DB66F}.AppStore|x64.Build.0 = Release|Any CPU
		{7352766F-2006-4A8E-B20E-4761F49DB66F}.AppStore|x86.ActiveCfg = Release|Any CPU
		{7352766F-2006-4A8E-B20E-4761F49DB66F}.AppStore|x86.Build.0 = Release|Any CPU
		{7352766F-2006-4A8E-B20E-4761F49DB66F}.Debug|Any CPU.ActiveCfg = Debug|Any CPU
		{7352766F-2006-4A8E-B20E-4761F49DB66F}.Debug|Any CPU.Build.0 = Debug|Any CPU
		{7352766F-2006-4A8E-B20E-4761F49DB66F}.Debug|ARM.ActiveCfg = Debug|Any CPU
		{7352766F-2006-4A8E-B20E-4761F49DB66F}.Debug|ARM.Build.0 = Debug|Any CPU
		{7352766F-2006-4A8E-B20E-4761F49DB66F}.Debug|iPhone.ActiveCfg = Debug|Any CPU
		{7352766F-2006-4A8E-B20E-4761F49DB66F}.Debug|iPhone.Build.0 = Debug|Any CPU
		{7352766F-2006-4A8E-B20E-4761F49DB66F}.Debug|iPhoneSimulator.ActiveCfg = Debug|Any CPU
		{7352766F-2006-4A8E-B20E-4761F49DB66F}.Debug|iPhoneSimulator.Build.0 = Debug|Any CPU
		{7352766F-2006-4A8E-B20E-4761F49DB66F}.Debug|x64.ActiveCfg = Debug|Any CPU
		{7352766F-2006-4A8E-B20E-4761F49DB66F}.Debug|x64.Build.0 = Debug|Any CPU
		{7352766F-2006-4A8E-B20E-4761F49DB66F}.Debug|x86.ActiveCfg = Debug|Any CPU
		{7352766F-2006-4A8E-B20E-4761F49DB66F}.Debug|x86.Build.0 = Debug|Any CPU
		{7352766F-2006-4A8E-B20E-4761F49DB66F}.Release|Any CPU.ActiveCfg = Release|Any CPU
		{7352766F-2006-4A8E-B20E-4761F49DB66F}.Release|Any CPU.Build.0 = Release|Any CPU
		{7352766F-2006-4A8E-B20E-4761F49DB66F}.Release|ARM.ActiveCfg = Release|Any CPU
		{7352766F-2006-4A8E-B20E-4761F49DB66F}.Release|ARM.Build.0 = Release|Any CPU
		{7352766F-2006-4A8E-B20E-4761F49DB66F}.Release|iPhone.ActiveCfg = Release|Any CPU
		{7352766F-2006-4A8E-B20E-4761F49DB66F}.Release|iPhone.Build.0 = Release|Any CPU
		{7352766F-2006-4A8E-B20E-4761F49DB66F}.Release|iPhoneSimulator.ActiveCfg = Release|Any CPU
		{7352766F-2006-4A8E-B20E-4761F49DB66F}.Release|iPhoneSimulator.Build.0 = Release|Any CPU
		{7352766F-2006-4A8E-B20E-4761F49DB66F}.Release|x64.ActiveCfg = Release|Any CPU
		{7352766F-2006-4A8E-B20E-4761F49DB66F}.Release|x64.Build.0 = Release|Any CPU
		{7352766F-2006-4A8E-B20E-4761F49DB66F}.Release|x86.ActiveCfg = Release|Any CPU
		{7352766F-2006-4A8E-B20E-4761F49DB66F}.Release|x86.Build.0 = Release|Any CPU
		{AAB3FE97-F758-4989-A2B9-AD41B825AEBE}.Ad-Hoc|Any CPU.ActiveCfg = Release|x86
		{AAB3FE97-F758-4989-A2B9-AD41B825AEBE}.Ad-Hoc|Any CPU.Build.0 = Release|x86
		{AAB3FE97-F758-4989-A2B9-AD41B825AEBE}.Ad-Hoc|Any CPU.Deploy.0 = Release|x86
		{AAB3FE97-F758-4989-A2B9-AD41B825AEBE}.Ad-Hoc|ARM.ActiveCfg = Release|ARM
		{AAB3FE97-F758-4989-A2B9-AD41B825AEBE}.Ad-Hoc|ARM.Build.0 = Release|ARM
		{AAB3FE97-F758-4989-A2B9-AD41B825AEBE}.Ad-Hoc|ARM.Deploy.0 = Release|ARM
		{AAB3FE97-F758-4989-A2B9-AD41B825AEBE}.Ad-Hoc|iPhone.ActiveCfg = Release|x86
		{AAB3FE97-F758-4989-A2B9-AD41B825AEBE}.Ad-Hoc|iPhone.Build.0 = Release|x86
		{AAB3FE97-F758-4989-A2B9-AD41B825AEBE}.Ad-Hoc|iPhone.Deploy.0 = Release|x86
		{AAB3FE97-F758-4989-A2B9-AD41B825AEBE}.Ad-Hoc|iPhoneSimulator.ActiveCfg = Release|x86
		{AAB3FE97-F758-4989-A2B9-AD41B825AEBE}.Ad-Hoc|iPhoneSimulator.Build.0 = Release|x86
		{AAB3FE97-F758-4989-A2B9-AD41B825AEBE}.Ad-Hoc|iPhoneSimulator.Deploy.0 = Release|x86
		{AAB3FE97-F758-4989-A2B9-AD41B825AEBE}.Ad-Hoc|x64.ActiveCfg = Release|x64
		{AAB3FE97-F758-4989-A2B9-AD41B825AEBE}.Ad-Hoc|x64.Build.0 = Release|x64
		{AAB3FE97-F758-4989-A2B9-AD41B825AEBE}.Ad-Hoc|x64.Deploy.0 = Release|x64
		{AAB3FE97-F758-4989-A2B9-AD41B825AEBE}.Ad-Hoc|x86.ActiveCfg = Release|x86
		{AAB3FE97-F758-4989-A2B9-AD41B825AEBE}.Ad-Hoc|x86.Build.0 = Release|x86
		{AAB3FE97-F758-4989-A2B9-AD41B825AEBE}.Ad-Hoc|x86.Deploy.0 = Release|x86
		{AAB3FE97-F758-4989-A2B9-AD41B825AEBE}.AppStore|Any CPU.ActiveCfg = Release|x86
		{AAB3FE97-F758-4989-A2B9-AD41B825AEBE}.AppStore|Any CPU.Build.0 = Release|x86
		{AAB3FE97-F758-4989-A2B9-AD41B825AEBE}.AppStore|Any CPU.Deploy.0 = Release|x86
		{AAB3FE97-F758-4989-A2B9-AD41B825AEBE}.AppStore|ARM.ActiveCfg = Release|ARM
		{AAB3FE97-F758-4989-A2B9-AD41B825AEBE}.AppStore|ARM.Build.0 = Release|ARM
		{AAB3FE97-F758-4989-A2B9-AD41B825AEBE}.AppStore|ARM.Deploy.0 = Release|ARM
		{AAB3FE97-F758-4989-A2B9-AD41B825AEBE}.AppStore|iPhone.ActiveCfg = Release|x86
		{AAB3FE97-F758-4989-A2B9-AD41B825AEBE}.AppStore|iPhone.Build.0 = Release|x86
		{AAB3FE97-F758-4989-A2B9-AD41B825AEBE}.AppStore|iPhone.Deploy.0 = Release|x86
		{AAB3FE97-F758-4989-A2B9-AD41B825AEBE}.AppStore|iPhoneSimulator.ActiveCfg = Release|x86
		{AAB3FE97-F758-4989-A2B9-AD41B825AEBE}.AppStore|iPhoneSimulator.Build.0 = Release|x86
		{AAB3FE97-F758-4989-A2B9-AD41B825AEBE}.AppStore|iPhoneSimulator.Deploy.0 = Release|x86
		{AAB3FE97-F758-4989-A2B9-AD41B825AEBE}.AppStore|x64.ActiveCfg = Release|x64
		{AAB3FE97-F758-4989-A2B9-AD41B825AEBE}.AppStore|x64.Build.0 = Release|x64
		{AAB3FE97-F758-4989-A2B9-AD41B825AEBE}.AppStore|x64.Deploy.0 = Release|x64
		{AAB3FE97-F758-4989-A2B9-AD41B825AEBE}.AppStore|x86.ActiveCfg = Release|x86
		{AAB3FE97-F758-4989-A2B9-AD41B825AEBE}.AppStore|x86.Build.0 = Release|x86
		{AAB3FE97-F758-4989-A2B9-AD41B825AEBE}.AppStore|x86.Deploy.0 = Release|x86
		{AAB3FE97-F758-4989-A2B9-AD41B825AEBE}.Debug|Any CPU.ActiveCfg = Debug|x86
		{AAB3FE97-F758-4989-A2B9-AD41B825AEBE}.Debug|ARM.ActiveCfg = Debug|ARM
		{AAB3FE97-F758-4989-A2B9-AD41B825AEBE}.Debug|ARM.Build.0 = Debug|ARM
		{AAB3FE97-F758-4989-A2B9-AD41B825AEBE}.Debug|ARM.Deploy.0 = Debug|ARM
		{AAB3FE97-F758-4989-A2B9-AD41B825AEBE}.Debug|iPhone.ActiveCfg = Debug|x86
		{AAB3FE97-F758-4989-A2B9-AD41B825AEBE}.Debug|iPhoneSimulator.ActiveCfg = Debug|x86
		{AAB3FE97-F758-4989-A2B9-AD41B825AEBE}.Debug|x64.ActiveCfg = Debug|x64
		{AAB3FE97-F758-4989-A2B9-AD41B825AEBE}.Debug|x64.Build.0 = Debug|x64
		{AAB3FE97-F758-4989-A2B9-AD41B825AEBE}.Debug|x64.Deploy.0 = Debug|x64
		{AAB3FE97-F758-4989-A2B9-AD41B825AEBE}.Debug|x86.ActiveCfg = Debug|x86
		{AAB3FE97-F758-4989-A2B9-AD41B825AEBE}.Debug|x86.Build.0 = Debug|x86
		{AAB3FE97-F758-4989-A2B9-AD41B825AEBE}.Debug|x86.Deploy.0 = Debug|x86
		{AAB3FE97-F758-4989-A2B9-AD41B825AEBE}.Release|Any CPU.ActiveCfg = Release|x86
		{AAB3FE97-F758-4989-A2B9-AD41B825AEBE}.Release|ARM.ActiveCfg = Release|ARM
		{AAB3FE97-F758-4989-A2B9-AD41B825AEBE}.Release|ARM.Build.0 = Release|ARM
		{AAB3FE97-F758-4989-A2B9-AD41B825AEBE}.Release|ARM.Deploy.0 = Release|ARM
		{AAB3FE97-F758-4989-A2B9-AD41B825AEBE}.Release|iPhone.ActiveCfg = Release|x86
		{AAB3FE97-F758-4989-A2B9-AD41B825AEBE}.Release|iPhoneSimulator.ActiveCfg = Release|x86
		{AAB3FE97-F758-4989-A2B9-AD41B825AEBE}.Release|x64.ActiveCfg = Release|x64
		{AAB3FE97-F758-4989-A2B9-AD41B825AEBE}.Release|x64.Build.0 = Release|x64
		{AAB3FE97-F758-4989-A2B9-AD41B825AEBE}.Release|x64.Deploy.0 = Release|x64
		{AAB3FE97-F758-4989-A2B9-AD41B825AEBE}.Release|x86.ActiveCfg = Release|x86
		{AAB3FE97-F758-4989-A2B9-AD41B825AEBE}.Release|x86.Build.0 = Release|x86
		{AAB3FE97-F758-4989-A2B9-AD41B825AEBE}.Release|x86.Deploy.0 = Release|x86
		{2B2E1B4B-21D5-49FC-B758-5622A8DBD636}.Ad-Hoc|Any CPU.ActiveCfg = Ad-Hoc|iPhoneSimulator
		{2B2E1B4B-21D5-49FC-B758-5622A8DBD636}.Ad-Hoc|ARM.ActiveCfg = Ad-Hoc|iPhone
		{2B2E1B4B-21D5-49FC-B758-5622A8DBD636}.Ad-Hoc|iPhone.ActiveCfg = Ad-Hoc|iPhone
		{2B2E1B4B-21D5-49FC-B758-5622A8DBD636}.Ad-Hoc|iPhone.Build.0 = Ad-Hoc|iPhone
		{2B2E1B4B-21D5-49FC-B758-5622A8DBD636}.Ad-Hoc|iPhoneSimulator.ActiveCfg = Ad-Hoc|iPhoneSimulator
		{2B2E1B4B-21D5-49FC-B758-5622A8DBD636}.Ad-Hoc|iPhoneSimulator.Build.0 = Ad-Hoc|iPhoneSimulator
		{2B2E1B4B-21D5-49FC-B758-5622A8DBD636}.Ad-Hoc|x64.ActiveCfg = Ad-Hoc|iPhone
		{2B2E1B4B-21D5-49FC-B758-5622A8DBD636}.Ad-Hoc|x86.ActiveCfg = Ad-Hoc|iPhone
		{2B2E1B4B-21D5-49FC-B758-5622A8DBD636}.AppStore|Any CPU.ActiveCfg = AppStore|iPhoneSimulator
		{2B2E1B4B-21D5-49FC-B758-5622A8DBD636}.AppStore|ARM.ActiveCfg = AppStore|iPhone
		{2B2E1B4B-21D5-49FC-B758-5622A8DBD636}.AppStore|iPhone.ActiveCfg = AppStore|iPhone
		{2B2E1B4B-21D5-49FC-B758-5622A8DBD636}.AppStore|iPhone.Build.0 = AppStore|iPhone
		{2B2E1B4B-21D5-49FC-B758-5622A8DBD636}.AppStore|iPhoneSimulator.ActiveCfg = AppStore|iPhoneSimulator
		{2B2E1B4B-21D5-49FC-B758-5622A8DBD636}.AppStore|iPhoneSimulator.Build.0 = AppStore|iPhoneSimulator
		{2B2E1B4B-21D5-49FC-B758-5622A8DBD636}.AppStore|x64.ActiveCfg = AppStore|iPhone
		{2B2E1B4B-21D5-49FC-B758-5622A8DBD636}.AppStore|x86.ActiveCfg = AppStore|iPhone
		{2B2E1B4B-21D5-49FC-B758-5622A8DBD636}.Debug|Any CPU.ActiveCfg = Debug|iPhoneSimulator
		{2B2E1B4B-21D5-49FC-B758-5622A8DBD636}.Debug|ARM.ActiveCfg = Debug|iPhone
		{2B2E1B4B-21D5-49FC-B758-5622A8DBD636}.Debug|iPhone.ActiveCfg = Debug|iPhone
		{2B2E1B4B-21D5-49FC-B758-5622A8DBD636}.Debug|iPhone.Build.0 = Debug|iPhone
		{2B2E1B4B-21D5-49FC-B758-5622A8DBD636}.Debug|iPhoneSimulator.ActiveCfg = Debug|iPhoneSimulator
		{2B2E1B4B-21D5-49FC-B758-5622A8DBD636}.Debug|iPhoneSimulator.Build.0 = Debug|iPhoneSimulator
		{2B2E1B4B-21D5-49FC-B758-5622A8DBD636}.Debug|x64.ActiveCfg = Debug|iPhone
		{2B2E1B4B-21D5-49FC-B758-5622A8DBD636}.Debug|x86.ActiveCfg = Debug|iPhone
		{2B2E1B4B-21D5-49FC-B758-5622A8DBD636}.Release|Any CPU.ActiveCfg = Release|iPhoneSimulator
		{2B2E1B4B-21D5-49FC-B758-5622A8DBD636}.Release|ARM.ActiveCfg = Release|iPhone
		{2B2E1B4B-21D5-49FC-B758-5622A8DBD636}.Release|iPhone.ActiveCfg = Release|iPhone
		{2B2E1B4B-21D5-49FC-B758-5622A8DBD636}.Release|iPhone.Build.0 = Release|iPhone
		{2B2E1B4B-21D5-49FC-B758-5622A8DBD636}.Release|iPhoneSimulator.ActiveCfg = Release|iPhoneSimulator
		{2B2E1B4B-21D5-49FC-B758-5622A8DBD636}.Release|iPhoneSimulator.Build.0 = Release|iPhoneSimulator
		{2B2E1B4B-21D5-49FC-B758-5622A8DBD636}.Release|x64.ActiveCfg = Release|iPhone
		{2B2E1B4B-21D5-49FC-B758-5622A8DBD636}.Release|x86.ActiveCfg = Release|iPhone
		{1F5627D8-CF58-4180-823A-1E915E2BF148}.Ad-Hoc|Any CPU.ActiveCfg = Release|Any CPU
		{1F5627D8-CF58-4180-823A-1E915E2BF148}.Ad-Hoc|Any CPU.Build.0 = Release|Any CPU
		{1F5627D8-CF58-4180-823A-1E915E2BF148}.Ad-Hoc|ARM.ActiveCfg = Release|Any CPU
		{1F5627D8-CF58-4180-823A-1E915E2BF148}.Ad-Hoc|ARM.Build.0 = Release|Any CPU
		{1F5627D8-CF58-4180-823A-1E915E2BF148}.Ad-Hoc|iPhone.ActiveCfg = Release|Any CPU
		{1F5627D8-CF58-4180-823A-1E915E2BF148}.Ad-Hoc|iPhone.Build.0 = Release|Any CPU
		{1F5627D8-CF58-4180-823A-1E915E2BF148}.Ad-Hoc|iPhoneSimulator.ActiveCfg = Release|Any CPU
		{1F5627D8-CF58-4180-823A-1E915E2BF148}.Ad-Hoc|iPhoneSimulator.Build.0 = Release|Any CPU
		{1F5627D8-CF58-4180-823A-1E915E2BF148}.Ad-Hoc|x64.ActiveCfg = Release|Any CPU
		{1F5627D8-CF58-4180-823A-1E915E2BF148}.Ad-Hoc|x64.Build.0 = Release|Any CPU
		{1F5627D8-CF58-4180-823A-1E915E2BF148}.Ad-Hoc|x86.ActiveCfg = Release|Any CPU
		{1F5627D8-CF58-4180-823A-1E915E2BF148}.Ad-Hoc|x86.Build.0 = Release|Any CPU
		{1F5627D8-CF58-4180-823A-1E915E2BF148}.AppStore|Any CPU.ActiveCfg = Release|Any CPU
		{1F5627D8-CF58-4180-823A-1E915E2BF148}.AppStore|Any CPU.Build.0 = Release|Any CPU
		{1F5627D8-CF58-4180-823A-1E915E2BF148}.AppStore|ARM.ActiveCfg = Release|Any CPU
		{1F5627D8-CF58-4180-823A-1E915E2BF148}.AppStore|ARM.Build.0 = Release|Any CPU
		{1F5627D8-CF58-4180-823A-1E915E2BF148}.AppStore|iPhone.ActiveCfg = Release|Any CPU
		{1F5627D8-CF58-4180-823A-1E915E2BF148}.AppStore|iPhone.Build.0 = Release|Any CPU
		{1F5627D8-CF58-4180-823A-1E915E2BF148}.AppStore|iPhoneSimulator.ActiveCfg = Release|Any CPU
		{1F5627D8-CF58-4180-823A-1E915E2BF148}.AppStore|iPhoneSimulator.Build.0 = Release|Any CPU
		{1F5627D8-CF58-4180-823A-1E915E2BF148}.AppStore|x64.ActiveCfg = Release|Any CPU
		{1F5627D8-CF58-4180-823A-1E915E2BF148}.AppStore|x64.Build.0 = Release|Any CPU
		{1F5627D8-CF58-4180-823A-1E915E2BF148}.AppStore|x86.ActiveCfg = Release|Any CPU
		{1F5627D8-CF58-4180-823A-1E915E2BF148}.AppStore|x86.Build.0 = Release|Any CPU
		{1F5627D8-CF58-4180-823A-1E915E2BF148}.Debug|Any CPU.ActiveCfg = Debug|Any CPU
		{1F5627D8-CF58-4180-823A-1E915E2BF148}.Debug|Any CPU.Build.0 = Debug|Any CPU
		{1F5627D8-CF58-4180-823A-1E915E2BF148}.Debug|ARM.ActiveCfg = Debug|Any CPU
		{1F5627D8-CF58-4180-823A-1E915E2BF148}.Debug|ARM.Build.0 = Debug|Any CPU
		{1F5627D8-CF58-4180-823A-1E915E2BF148}.Debug|iPhone.ActiveCfg = Debug|Any CPU
		{1F5627D8-CF58-4180-823A-1E915E2BF148}.Debug|iPhone.Build.0 = Debug|Any CPU
		{1F5627D8-CF58-4180-823A-1E915E2BF148}.Debug|iPhoneSimulator.ActiveCfg = Debug|Any CPU
		{1F5627D8-CF58-4180-823A-1E915E2BF148}.Debug|iPhoneSimulator.Build.0 = Debug|Any CPU
		{1F5627D8-CF58-4180-823A-1E915E2BF148}.Debug|x64.ActiveCfg = Debug|Any CPU
		{1F5627D8-CF58-4180-823A-1E915E2BF148}.Debug|x64.Build.0 = Debug|Any CPU
		{1F5627D8-CF58-4180-823A-1E915E2BF148}.Debug|x86.ActiveCfg = Debug|Any CPU
		{1F5627D8-CF58-4180-823A-1E915E2BF148}.Debug|x86.Build.0 = Debug|Any CPU
		{1F5627D8-CF58-4180-823A-1E915E2BF148}.Release|Any CPU.ActiveCfg = Release|Any CPU
		{1F5627D8-CF58-4180-823A-1E915E2BF148}.Release|Any CPU.Build.0 = Release|Any CPU
		{1F5627D8-CF58-4180-823A-1E915E2BF148}.Release|ARM.ActiveCfg = Release|Any CPU
		{1F5627D8-CF58-4180-823A-1E915E2BF148}.Release|ARM.Build.0 = Release|Any CPU
		{1F5627D8-CF58-4180-823A-1E915E2BF148}.Release|iPhone.ActiveCfg = Release|Any CPU
		{1F5627D8-CF58-4180-823A-1E915E2BF148}.Release|iPhone.Build.0 = Release|Any CPU
		{1F5627D8-CF58-4180-823A-1E915E2BF148}.Release|iPhoneSimulator.ActiveCfg = Release|Any CPU
		{1F5627D8-CF58-4180-823A-1E915E2BF148}.Release|iPhoneSimulator.Build.0 = Release|Any CPU
		{1F5627D8-CF58-4180-823A-1E915E2BF148}.Release|x64.ActiveCfg = Release|Any CPU
		{1F5627D8-CF58-4180-823A-1E915E2BF148}.Release|x64.Build.0 = Release|Any CPU
		{1F5627D8-CF58-4180-823A-1E915E2BF148}.Release|x86.ActiveCfg = Release|Any CPU
		{1F5627D8-CF58-4180-823A-1E915E2BF148}.Release|x86.Build.0 = Release|Any CPU
		{07AEFC66-F2E1-42A2-A251-34F23DD0E3C4}.Ad-Hoc|Any CPU.ActiveCfg = Release|Any CPU
		{07AEFC66-F2E1-42A2-A251-34F23DD0E3C4}.Ad-Hoc|Any CPU.Build.0 = Release|Any CPU
		{07AEFC66-F2E1-42A2-A251-34F23DD0E3C4}.Ad-Hoc|ARM.ActiveCfg = Release|Any CPU
		{07AEFC66-F2E1-42A2-A251-34F23DD0E3C4}.Ad-Hoc|ARM.Build.0 = Release|Any CPU
		{07AEFC66-F2E1-42A2-A251-34F23DD0E3C4}.Ad-Hoc|iPhone.ActiveCfg = Release|Any CPU
		{07AEFC66-F2E1-42A2-A251-34F23DD0E3C4}.Ad-Hoc|iPhone.Build.0 = Release|Any CPU
		{07AEFC66-F2E1-42A2-A251-34F23DD0E3C4}.Ad-Hoc|iPhoneSimulator.ActiveCfg = Release|Any CPU
		{07AEFC66-F2E1-42A2-A251-34F23DD0E3C4}.Ad-Hoc|iPhoneSimulator.Build.0 = Release|Any CPU
		{07AEFC66-F2E1-42A2-A251-34F23DD0E3C4}.Ad-Hoc|x64.ActiveCfg = Release|Any CPU
		{07AEFC66-F2E1-42A2-A251-34F23DD0E3C4}.Ad-Hoc|x64.Build.0 = Release|Any CPU
		{07AEFC66-F2E1-42A2-A251-34F23DD0E3C4}.Ad-Hoc|x86.ActiveCfg = Release|Any CPU
		{07AEFC66-F2E1-42A2-A251-34F23DD0E3C4}.Ad-Hoc|x86.Build.0 = Release|Any CPU
		{07AEFC66-F2E1-42A2-A251-34F23DD0E3C4}.AppStore|Any CPU.ActiveCfg = Release|Any CPU
		{07AEFC66-F2E1-42A2-A251-34F23DD0E3C4}.AppStore|Any CPU.Build.0 = Release|Any CPU
		{07AEFC66-F2E1-42A2-A251-34F23DD0E3C4}.AppStore|ARM.ActiveCfg = Release|Any CPU
		{07AEFC66-F2E1-42A2-A251-34F23DD0E3C4}.AppStore|ARM.Build.0 = Release|Any CPU
		{07AEFC66-F2E1-42A2-A251-34F23DD0E3C4}.AppStore|iPhone.ActiveCfg = Release|Any CPU
		{07AEFC66-F2E1-42A2-A251-34F23DD0E3C4}.AppStore|iPhone.Build.0 = Release|Any CPU
		{07AEFC66-F2E1-42A2-A251-34F23DD0E3C4}.AppStore|iPhoneSimulator.ActiveCfg = Release|Any CPU
		{07AEFC66-F2E1-42A2-A251-34F23DD0E3C4}.AppStore|iPhoneSimulator.Build.0 = Release|Any CPU
		{07AEFC66-F2E1-42A2-A251-34F23DD0E3C4}.AppStore|x64.ActiveCfg = Release|Any CPU
		{07AEFC66-F2E1-42A2-A251-34F23DD0E3C4}.AppStore|x64.Build.0 = Release|Any CPU
		{07AEFC66-F2E1-42A2-A251-34F23DD0E3C4}.AppStore|x86.ActiveCfg = Release|Any CPU
		{07AEFC66-F2E1-42A2-A251-34F23DD0E3C4}.AppStore|x86.Build.0 = Release|Any CPU
		{07AEFC66-F2E1-42A2-A251-34F23DD0E3C4}.Debug|Any CPU.ActiveCfg = Debug|Any CPU
		{07AEFC66-F2E1-42A2-A251-34F23DD0E3C4}.Debug|Any CPU.Build.0 = Debug|Any CPU
		{07AEFC66-F2E1-42A2-A251-34F23DD0E3C4}.Debug|ARM.ActiveCfg = Debug|Any CPU
		{07AEFC66-F2E1-42A2-A251-34F23DD0E3C4}.Debug|ARM.Build.0 = Debug|Any CPU
		{07AEFC66-F2E1-42A2-A251-34F23DD0E3C4}.Debug|iPhone.ActiveCfg = Debug|Any CPU
		{07AEFC66-F2E1-42A2-A251-34F23DD0E3C4}.Debug|iPhone.Build.0 = Debug|Any CPU
		{07AEFC66-F2E1-42A2-A251-34F23DD0E3C4}.Debug|iPhoneSimulator.ActiveCfg = Debug|Any CPU
		{07AEFC66-F2E1-42A2-A251-34F23DD0E3C4}.Debug|iPhoneSimulator.Build.0 = Debug|Any CPU
		{07AEFC66-F2E1-42A2-A251-34F23DD0E3C4}.Debug|x64.ActiveCfg = Debug|Any CPU
		{07AEFC66-F2E1-42A2-A251-34F23DD0E3C4}.Debug|x64.Build.0 = Debug|Any CPU
		{07AEFC66-F2E1-42A2-A251-34F23DD0E3C4}.Debug|x86.ActiveCfg = Debug|Any CPU
		{07AEFC66-F2E1-42A2-A251-34F23DD0E3C4}.Debug|x86.Build.0 = Debug|Any CPU
		{07AEFC66-F2E1-42A2-A251-34F23DD0E3C4}.Release|Any CPU.ActiveCfg = Release|Any CPU
		{07AEFC66-F2E1-42A2-A251-34F23DD0E3C4}.Release|Any CPU.Build.0 = Release|Any CPU
		{07AEFC66-F2E1-42A2-A251-34F23DD0E3C4}.Release|ARM.ActiveCfg = Release|Any CPU
		{07AEFC66-F2E1-42A2-A251-34F23DD0E3C4}.Release|ARM.Build.0 = Release|Any CPU
		{07AEFC66-F2E1-42A2-A251-34F23DD0E3C4}.Release|iPhone.ActiveCfg = Release|Any CPU
		{07AEFC66-F2E1-42A2-A251-34F23DD0E3C4}.Release|iPhone.Build.0 = Release|Any CPU
		{07AEFC66-F2E1-42A2-A251-34F23DD0E3C4}.Release|iPhoneSimulator.ActiveCfg = Release|Any CPU
		{07AEFC66-F2E1-42A2-A251-34F23DD0E3C4}.Release|iPhoneSimulator.Build.0 = Release|Any CPU
		{07AEFC66-F2E1-42A2-A251-34F23DD0E3C4}.Release|x64.ActiveCfg = Release|Any CPU
		{07AEFC66-F2E1-42A2-A251-34F23DD0E3C4}.Release|x64.Build.0 = Release|Any CPU
		{07AEFC66-F2E1-42A2-A251-34F23DD0E3C4}.Release|x86.ActiveCfg = Release|Any CPU
		{07AEFC66-F2E1-42A2-A251-34F23DD0E3C4}.Release|x86.Build.0 = Release|Any CPU
	EndGlobalSection
	GlobalSection(SolutionProperties) = preSolution
		HideSolutionNode = FALSE
	EndGlobalSection
	GlobalSection(NestedProjects) = preSolution
		{521DB49C-6689-46B1-8E46-D8FD19A28F2A} = {150A767C-481E-4845-B43E-3B78D119E9AC}
		{7352766F-2006-4A8E-B20E-4761F49DB66F} = {E43AF01C-DF40-4162-B856-5BD75BDE1126}
		{AAB3FE97-F758-4989-A2B9-AD41B825AEBE} = {150A767C-481E-4845-B43E-3B78D119E9AC}
		{2B2E1B4B-21D5-49FC-B758-5622A8DBD636} = {150A767C-481E-4845-B43E-3B78D119E9AC}
		{1F5627D8-CF58-4180-823A-1E915E2BF148} = {10608AF8-485F-4C18-9D60-2F780BF04DF2}
		{07AEFC66-F2E1-42A2-A251-34F23DD0E3C4} = {10608AF8-485F-4C18-9D60-2F780BF04DF2}
	EndGlobalSection
	GlobalSection(ExtensibilityGlobals) = postSolution
		SolutionGuid = {7A24FB0C-5235-42D5-95F6-24ABEAA15A08}
	EndGlobalSection
EndGlobal
